
Microsoft Visual Studio Solution File, Format Version 12.00
# Visual Studio Version 17
VisualStudioVersion = 17.10.35013.160
MinimumVisualStudioVersion = 10.0.40219.1
Project("{FAE04EC0-301F-11D3-BF4B-00C04F79EFBC}") = "Encapsulamento_29.06.2024", "Encapsulamento_29.06.2024\Encapsulamento_29.06.2024.csproj", "{E9651A21-C253-45BB-A8FE-451704559E52}"
EndProject
Global
	GlobalSection(SolutionConfigurationPlatforms) = preSolution
		Debug|Any CPU = Debug|Any CPU
		Release|Any CPU = Release|Any CPU
	EndGlobalSection
	GlobalSection(ProjectConfigurationPlatforms) = postSolution
		{E9651A21-C253-45BB-A8FE-451704559E52}.Debug|Any CPU.ActiveCfg = Debug|Any CPU
		{E9651A21-C253-45BB-A8FE-451704559E52}.Debug|Any CPU.Build.0 = Debug|Any CPU
		{E9651A21-C253-45BB-A8FE-451704559E52}.Release|Any CPU.ActiveCfg = Release|Any CPU
		{E9651A21-C253-45BB-A8FE-451704559E52}.Release|Any CPU.Build.0 = Release|Any CPU
	EndGlobalSection
	GlobalSection(SolutionProperties) = preSolution
		HideSolutionNode = FALSE
	EndGlobalSection
	GlobalSection(ExtensibilityGlobals) = postSolution
		SolutionGuid = {383F05A6-0FCD-4BB5-8B2C-6612F18F63B1}
	EndGlobalSection
EndGlobal
